{
  "name": "calling-extensions-sdk-demos",
  "lockfileVersion": 3,
  "requires": true,
  "packages": {
    "": {
      "name": "calling-extensions-sdk-demos",
      "dependencies": {
        "@hubspot/calling-extensions-sdk": "^0.9.1-alpha.1"
      }
    },
    "node_modules/@hubspot/calling-extensions-sdk": {
      "version": "0.9.1-alpha.1",
      "resolved": "https://registry.npmjs.org/@hubspot/calling-extensions-sdk/-/calling-extensions-sdk-0.9.1-alpha.1.tgz",
      "integrity": "sha512-N+39rKC+kEhoWnIZTg1WDchNcr4E0IhG0MVU3Mi184+L48ZBiC79VRRF/FvQf6GWwurfdczgwVHo4ixQdkAK5Q==",
      "license": "MIT",
      "engines": {
        "node": ">=14"
      }
    }
  }
}
